
Microsoft Visual Studio Solution File, Format Version 12.00
# Visual Studio Version 17
VisualStudioVersion = 17.14.36414.22 d17.14
MinimumVisualStudioVersion = 10.0.40219.1
Project("{8BC9CEB8-8B4A-11D0-8D11-00A0C91BC942}") = "Project_1_Kim_WooBin", "Project_1_Kim_WooBin\Project_1_Kim_WooBin.vcxproj", "{E88D1927-35BC-44B3-9B53-36FCEB6AF7AA}"
EndProject
Global
	GlobalSection(SolutionConfigurationPlatforms) = preSolution
		Debug|x64 = Debug|x64
		Debug|x86 = Debug|x86
		Release|x64 = Release|x64
		Release|x86 = Release|x86
	EndGlobalSection
	GlobalSection(ProjectConfigurationPlatforms) = postSolution
		{E88D1927-35BC-44B3-9B53-36FCEB6AF7AA}.Debug|x64.ActiveCfg = Debug|x64
		{E88D1927-35BC-44B3-9B53-36FCEB6AF7AA}.Debug|x64.Build.0 = Debug|x64
		{E88D1927-35BC-44B3-9B53-36FCEB6AF7AA}.Debug|x86.ActiveCfg = Debug|Win32
		{E88D1927-35BC-44B3-9B53-36FCEB6AF7AA}.Debug|x86.Build.0 = Debug|Win32
		{E88D1927-35BC-44B3-9B53-36FCEB6AF7AA}.Release|x64.ActiveCfg = Release|x64
		{E88D1927-35BC-44B3-9B53-36FCEB6AF7AA}.Release|x64.Build.0 = Release|x64
		{E88D1927-35BC-44B3-9B53-36FCEB6AF7AA}.Release|x86.ActiveCfg = Release|Win32
		{E88D1927-35BC-44B3-9B53-36FCEB6AF7AA}.Release|x86.Build.0 = Release|Win32
	EndGlobalSection
	GlobalSection(SolutionProperties) = preSolution
		HideSolutionNode = FALSE
	EndGlobalSection
	GlobalSection(ExtensibilityGlobals) = postSolution
		SolutionGuid = {301E418A-BBF7-4838-BDAE-25A771FE5637}
	EndGlobalSection
EndGlobal
